
Microsoft Visual Studio Solution File, Format Version 12.00
# Visual Studio 15
VisualStudioVersion = 15.0.28307.421
MinimumVisualStudioVersion = 10.0.40219.1
Project("{FAE04EC0-301F-11D3-BF4B-00C04F79EFBC}") = "CosmosDB.ApplicationInsightsLogger", "CosmosDB.ApplicationInsightsLogger\CosmosDB.ApplicationInsightsLogger.csproj", "{A919CF89-ABAA-442B-89DB-8011AFE47D0F}"
EndProject
Global
	GlobalSection(SolutionConfigurationPlatforms) = preSolution
		Debug|Any CPU = Debug|Any CPU
		Release|Any CPU = Release|Any CPU
	EndGlobalSection
	GlobalSection(ProjectConfigurationPlatforms) = postSolution
		{A919CF89-ABAA-442B-89DB-8011AFE47D0F}.Debug|Any CPU.ActiveCfg = Debug|Any CPU
		{A919CF89-ABAA-442B-89DB-8011AFE47D0F}.Debug|Any CPU.Build.0 = Debug|Any CPU
		{A919CF89-ABAA-442B-89DB-8011AFE47D0F}.Release|Any CPU.ActiveCfg = Release|Any CPU
		{A919CF89-ABAA-442B-89DB-8011AFE47D0F}.Release|Any CPU.Build.0 = Release|Any CPU
	EndGlobalSection
	GlobalSection(SolutionProperties) = preSolution
		HideSolutionNode = FALSE
	EndGlobalSection
	GlobalSection(ExtensibilityGlobals) = postSolution
		SolutionGuid = {DD2AC231-CB0B-46A6-A259-FADCEBACC1A3}
	EndGlobalSection
EndGlobal
